
Microsoft Visual Studio Solution File, Format Version 12.00
# Visual Studio Version 16
VisualStudioVersion = 16.0.30104.148
MinimumVisualStudioVersion = 10.0.40219.1
Project("{FAE04EC0-301F-11D3-BF4B-00C04F79EFBC}") = "CosmosEfCore", "CosmosEfCore.csproj", "{9698F86F-361E-463B-883D-7CF60A1AE52D}"
EndProject
Global
	GlobalSection(SolutionConfigurationPlatforms) = preSolution
		Debug|Any CPU = Debug|Any CPU
		Release|Any CPU = Release|Any CPU
	EndGlobalSection
	GlobalSection(ProjectConfigurationPlatforms) = postSolution
		{9698F86F-361E-463B-883D-7CF60A1AE52D}.Debug|Any CPU.ActiveCfg = Debug|Any CPU
		{9698F86F-361E-463B-883D-7CF60A1AE52D}.Debug|Any CPU.Build.0 = Debug|Any CPU
		{9698F86F-361E-463B-883D-7CF60A1AE52D}.Release|Any CPU.ActiveCfg = Release|Any CPU
		{9698F86F-361E-463B-883D-7CF60A1AE52D}.Release|Any CPU.Build.0 = Release|Any CPU
	EndGlobalSection
	GlobalSection(SolutionProperties) = preSolution
		HideSolutionNode = FALSE
	EndGlobalSection
	GlobalSection(ExtensibilityGlobals) = postSolution
		SolutionGuid = {4C6A19E9-05FA-4C0E-929F-21A2A4F290F7}
	EndGlobalSection
EndGlobal
